
Microsoft Visual Studio Solution File, Format Version 12.00
# Visual Studio Version 17
VisualStudioVersion = 17.12.35707.178 d17.12
MinimumVisualStudioVersion = 10.0.40219.1
Project("{FAE04EC0-301F-11D3-BF4B-00C04F79EFBC}") = "ProductApp", "ProductApp\ProductApp.csproj", "{F1FCB97A-C753-4D2B-83D2-7643D7954D23}"
EndProject
Global
	GlobalSection(SolutionConfigurationPlatforms) = preSolution
		Debug|Any CPU = Debug|Any CPU
		Release|Any CPU = Release|Any CPU
	EndGlobalSection
	GlobalSection(ProjectConfigurationPlatforms) = postSolution
		{F1FCB97A-C753-4D2B-83D2-7643D7954D23}.Debug|Any CPU.ActiveCfg = Debug|Any CPU
		{F1FCB97A-C753-4D2B-83D2-7643D7954D23}.Debug|Any CPU.Build.0 = Debug|Any CPU
		{F1FCB97A-C753-4D2B-83D2-7643D7954D23}.Release|Any CPU.ActiveCfg = Release|Any CPU
		{F1FCB97A-C753-4D2B-83D2-7643D7954D23}.Release|Any CPU.Build.0 = Release|Any CPU
	EndGlobalSection
	GlobalSection(SolutionProperties) = preSolution
		HideSolutionNode = FALSE
	EndGlobalSection
EndGlobal
